
Microsoft Visual Studio Solution File, Format Version 12.00
# Visual Studio Version 16
VisualStudioVersion = 16.0.31515.178
MinimumVisualStudioVersion = 10.0.40219.1
Project("{9A19103F-16F7-4668-BE54-9A1E7A4F7556}") = "SampleTraining", "SampleTraining\SampleTraining.csproj", "{C6373379-DCAA-407B-B3C0-E08C21AFFA45}"
EndProject
Project("{FAE04EC0-301F-11D3-BF4B-00C04F79EFBC}") = "SampleContext", "SampleContext\SampleContext.csproj", "{EF71077D-EFBA-4C9E-99B7-7BCDB48E77B2}"
EndProject
Global
	GlobalSection(SolutionConfigurationPlatforms) = preSolution
		Debug|Any CPU = Debug|Any CPU
		Release|Any CPU = Release|Any CPU
	EndGlobalSection
	GlobalSection(ProjectConfigurationPlatforms) = postSolution
		{C6373379-DCAA-407B-B3C0-E08C21AFFA45}.Debug|Any CPU.ActiveCfg = Debug|Any CPU
		{C6373379-DCAA-407B-B3C0-E08C21AFFA45}.Debug|Any CPU.Build.0 = Debug|Any CPU
		{C6373379-DCAA-407B-B3C0-E08C21AFFA45}.Release|Any CPU.ActiveCfg = Release|Any CPU
		{C6373379-DCAA-407B-B3C0-E08C21AFFA45}.Release|Any CPU.Build.0 = Release|Any CPU
		{EF71077D-EFBA-4C9E-99B7-7BCDB48E77B2}.Debug|Any CPU.ActiveCfg = Debug|Any CPU
		{EF71077D-EFBA-4C9E-99B7-7BCDB48E77B2}.Debug|Any CPU.Build.0 = Debug|Any CPU
		{EF71077D-EFBA-4C9E-99B7-7BCDB48E77B2}.Release|Any CPU.ActiveCfg = Release|Any CPU
		{EF71077D-EFBA-4C9E-99B7-7BCDB48E77B2}.Release|Any CPU.Build.0 = Release|Any CPU
	EndGlobalSection
	GlobalSection(SolutionProperties) = preSolution
		HideSolutionNode = FALSE
	EndGlobalSection
	GlobalSection(ExtensibilityGlobals) = postSolution
		SolutionGuid = {2E26EAEA-17B2-454E-B301-C5C770CE5A17}
	EndGlobalSection
EndGlobal
